
Microsoft Visual Studio Solution File, Format Version 12.00
# Visual Studio Version 17
VisualStudioVersion = 17.11.35222.181
MinimumVisualStudioVersion = 10.0.40219.1
Project("{FAE04EC0-301F-11D3-BF4B-00C04F79EFBC}") = "ThePlayer", "ThePlayer\ThePlayer.csproj", "{D815B7EA-554F-479A-8629-5DC31ED4B030}"
EndProject
Global
	GlobalSection(SolutionConfigurationPlatforms) = preSolution
		Debug|Any CPU = Debug|Any CPU
		Release|Any CPU = Release|Any CPU
	EndGlobalSection
	GlobalSection(ProjectConfigurationPlatforms) = postSolution
		{D815B7EA-554F-479A-8629-5DC31ED4B030}.Debug|Any CPU.ActiveCfg = Debug|Any CPU
		{D815B7EA-554F-479A-8629-5DC31ED4B030}.Debug|Any CPU.Build.0 = Debug|Any CPU
		{D815B7EA-554F-479A-8629-5DC31ED4B030}.Release|Any CPU.ActiveCfg = Release|Any CPU
		{D815B7EA-554F-479A-8629-5DC31ED4B030}.Release|Any CPU.Build.0 = Release|Any CPU
	EndGlobalSection
	GlobalSection(SolutionProperties) = preSolution
		HideSolutionNode = FALSE
	EndGlobalSection
	GlobalSection(ExtensibilityGlobals) = postSolution
		SolutionGuid = {F5E01279-40AC-4191-B814-BA566EB406A7}
	EndGlobalSection
EndGlobal
